
Microsoft Visual Studio Solution File, Format Version 12.00
# Visual Studio Version 17
VisualStudioVersion = 17.13.35931.197 d17.13
MinimumVisualStudioVersion = 10.0.40219.1
Project("{FAE04EC0-301F-11D3-BF4B-00C04F79EFBC}") = "FlexibleBitflags", "FlexibleBitflags\FlexibleBitflags.csproj", "{8806A8B4-C927-43C4-ADDD-E7D1469132C0}"
EndProject
Project("{FAE04EC0-301F-11D3-BF4B-00C04F79EFBC}") = "FlexibleBitflagsTests", "FlexibleBitflagsTests\FlexibleBitflagsTests.csproj", "{A4AD9657-E4B9-488B-B1BA-36C264CB1B49}"
EndProject
Project("{FAE04EC0-301F-11D3-BF4B-00C04F79EFBC}") = "Samples", "Samples\Samples.csproj", "{958621C3-B277-4BA5-BBD7-07EA5BDFB4FB}"
EndProject
Global
	GlobalSection(SolutionConfigurationPlatforms) = preSolution
		Debug|Any CPU = Debug|Any CPU
		Release|Any CPU = Release|Any CPU
	EndGlobalSection
	GlobalSection(ProjectConfigurationPlatforms) = postSolution
		{8806A8B4-C927-43C4-ADDD-E7D1469132C0}.Debug|Any CPU.ActiveCfg = Debug|Any CPU
		{8806A8B4-C927-43C4-ADDD-E7D1469132C0}.Debug|Any CPU.Build.0 = Debug|Any CPU
		{8806A8B4-C927-43C4-ADDD-E7D1469132C0}.Release|Any CPU.ActiveCfg = Release|Any CPU
		{8806A8B4-C927-43C4-ADDD-E7D1469132C0}.Release|Any CPU.Build.0 = Release|Any CPU
		{A4AD9657-E4B9-488B-B1BA-36C264CB1B49}.Debug|Any CPU.ActiveCfg = Debug|Any CPU
		{A4AD9657-E4B9-488B-B1BA-36C264CB1B49}.Debug|Any CPU.Build.0 = Debug|Any CPU
		{A4AD9657-E4B9-488B-B1BA-36C264CB1B49}.Release|Any CPU.ActiveCfg = Release|Any CPU
		{A4AD9657-E4B9-488B-B1BA-36C264CB1B49}.Release|Any CPU.Build.0 = Release|Any CPU
		{958621C3-B277-4BA5-BBD7-07EA5BDFB4FB}.Debug|Any CPU.ActiveCfg = Debug|Any CPU
		{958621C3-B277-4BA5-BBD7-07EA5BDFB4FB}.Debug|Any CPU.Build.0 = Debug|Any CPU
		{958621C3-B277-4BA5-BBD7-07EA5BDFB4FB}.Release|Any CPU.ActiveCfg = Release|Any CPU
		{958621C3-B277-4BA5-BBD7-07EA5BDFB4FB}.Release|Any CPU.Build.0 = Release|Any CPU
	EndGlobalSection
	GlobalSection(SolutionProperties) = preSolution
		HideSolutionNode = FALSE
	EndGlobalSection
	GlobalSection(ExtensibilityGlobals) = postSolution
		SolutionGuid = {7C564D83-A727-4881-B1B8-2419A6564D92}
	EndGlobalSection
EndGlobal
